
Microsoft Visual Studio Solution File, Format Version 12.00
# Visual Studio Version 17
VisualStudioVersion = 17.8.34330.188
MinimumVisualStudioVersion = 10.0.40219.1
Project("{FAE04EC0-301F-11D3-BF4B-00C04F79EFBC}") = "LAB.6.2.baz.lvl.kruchinina", "LAB.6.2.baz.lvl.kruchinina\LAB.6.2.baz.lvl.kruchinina.csproj", "{DDF5E6F4-8DD7-4F9A-AC79-DC9402D32D69}"
EndProject
Project("{FAE04EC0-301F-11D3-BF4B-00C04F79EFBC}") = "ClassLibrary1", "ClassLibrary1\ClassLibrary1.csproj", "{695220E4-C2A9-477C-899F-8EC2DDE75C5B}"
EndProject
Global
	GlobalSection(SolutionConfigurationPlatforms) = preSolution
		Debug|Any CPU = Debug|Any CPU
		Release|Any CPU = Release|Any CPU
	EndGlobalSection
	GlobalSection(ProjectConfigurationPlatforms) = postSolution
		{DDF5E6F4-8DD7-4F9A-AC79-DC9402D32D69}.Debug|Any CPU.ActiveCfg = Debug|Any CPU
		{DDF5E6F4-8DD7-4F9A-AC79-DC9402D32D69}.Debug|Any CPU.Build.0 = Debug|Any CPU
		{DDF5E6F4-8DD7-4F9A-AC79-DC9402D32D69}.Release|Any CPU.ActiveCfg = Release|Any CPU
		{DDF5E6F4-8DD7-4F9A-AC79-DC9402D32D69}.Release|Any CPU.Build.0 = Release|Any CPU
		{695220E4-C2A9-477C-899F-8EC2DDE75C5B}.Debug|Any CPU.ActiveCfg = Debug|Any CPU
		{695220E4-C2A9-477C-899F-8EC2DDE75C5B}.Debug|Any CPU.Build.0 = Debug|Any CPU
		{695220E4-C2A9-477C-899F-8EC2DDE75C5B}.Release|Any CPU.ActiveCfg = Release|Any CPU
		{695220E4-C2A9-477C-899F-8EC2DDE75C5B}.Release|Any CPU.Build.0 = Release|Any CPU
	EndGlobalSection
	GlobalSection(SolutionProperties) = preSolution
		HideSolutionNode = FALSE
	EndGlobalSection
	GlobalSection(ExtensibilityGlobals) = postSolution
		SolutionGuid = {67D003D9-DF8A-4E0A-A5F3-D173967B2502}
	EndGlobalSection
EndGlobal
